
Microsoft Visual Studio Solution File, Format Version 12.00
# Visual Studio Version 17
VisualStudioVersion = 17.0.31903.59
MinimumVisualStudioVersion = 10.0.40219.1
Project("{2150E333-8FDC-42A3-9474-1A3956D46DE8}") = "src", "src", "{7DBCEB44-DCDF-44F0-A235-183619A4E579}"
EndProject
Project("{FAE04EC0-301F-11D3-BF4B-00C04F79EFBC}") = "WaterWizard.Client", "src\WaterWizard.Client\WaterWizard.Client.csproj", "{38FA4D15-BBA7-4124-9F64-5F09A42F57D8}"
EndProject
Project("{FAE04EC0-301F-11D3-BF4B-00C04F79EFBC}") = "WaterWizard.Server", "src\WaterWizard.Server\WaterWizard.Server.csproj", "{A6B02E34-69FE-474E-9772-010C54DA6985}"
EndProject
Project("{FAE04EC0-301F-11D3-BF4B-00C04F79EFBC}") = "WaterWizard.Shared", "src\WaterWizard.Shared\WaterWizard.Shared.csproj", "{158DE55F-BAD1-49A5-A4BF-2753937FF927}"
EndProject
Project("{9A19103F-16F7-4668-BE54-9A1E7A4F7556}") = "_build", "build\_build.csproj", "{24B59A08-9932-4379-859F-AD13412D130B}"
EndProject
Project("{FAE04EC0-301F-11D3-BF4B-00C04F79EFBC}") = "WaterWizardTests", "src\WaterWizardTests\WaterWizardTests.csproj", "{A775167B-BD50-43F1-9337-9F0694D12036}"
EndProject
Global
	GlobalSection(SolutionConfigurationPlatforms) = preSolution
		Debug|Any CPU = Debug|Any CPU
		Release|Any CPU = Release|Any CPU
	EndGlobalSection
	GlobalSection(SolutionProperties) = preSolution
		HideSolutionNode = FALSE
	EndGlobalSection
	GlobalSection(ProjectConfigurationPlatforms) = postSolution
		{24B59A08-9932-4379-859F-AD13412D130B}.Debug|Any CPU.ActiveCfg = Debug|Any CPU
		{24B59A08-9932-4379-859F-AD13412D130B}.Release|Any CPU.ActiveCfg = Release|Any CPU
		{38FA4D15-BBA7-4124-9F64-5F09A42F57D8}.Debug|Any CPU.ActiveCfg = Debug|Any CPU
		{38FA4D15-BBA7-4124-9F64-5F09A42F57D8}.Debug|Any CPU.Build.0 = Debug|Any CPU
		{38FA4D15-BBA7-4124-9F64-5F09A42F57D8}.Release|Any CPU.ActiveCfg = Release|Any CPU
		{38FA4D15-BBA7-4124-9F64-5F09A42F57D8}.Release|Any CPU.Build.0 = Release|Any CPU
		{A6B02E34-69FE-474E-9772-010C54DA6985}.Debug|Any CPU.ActiveCfg = Debug|Any CPU
		{A6B02E34-69FE-474E-9772-010C54DA6985}.Debug|Any CPU.Build.0 = Debug|Any CPU
		{A6B02E34-69FE-474E-9772-010C54DA6985}.Release|Any CPU.ActiveCfg = Release|Any CPU
		{A6B02E34-69FE-474E-9772-010C54DA6985}.Release|Any CPU.Build.0 = Release|Any CPU
		{158DE55F-BAD1-49A5-A4BF-2753937FF927}.Debug|Any CPU.ActiveCfg = Debug|Any CPU
		{158DE55F-BAD1-49A5-A4BF-2753937FF927}.Debug|Any CPU.Build.0 = Debug|Any CPU
		{158DE55F-BAD1-49A5-A4BF-2753937FF927}.Release|Any CPU.ActiveCfg = Release|Any CPU
		{158DE55F-BAD1-49A5-A4BF-2753937FF927}.Release|Any CPU.Build.0 = Release|Any CPU
		{A775167B-BD50-43F1-9337-9F0694D12036}.Debug|Any CPU.ActiveCfg = Debug|Any CPU
		{A775167B-BD50-43F1-9337-9F0694D12036}.Debug|Any CPU.Build.0 = Debug|Any CPU
		{A775167B-BD50-43F1-9337-9F0694D12036}.Release|Any CPU.ActiveCfg = Release|Any CPU
		{A775167B-BD50-43F1-9337-9F0694D12036}.Release|Any CPU.Build.0 = Release|Any CPU
	EndGlobalSection
	GlobalSection(NestedProjects) = preSolution
		{38FA4D15-BBA7-4124-9F64-5F09A42F57D8} = {7DBCEB44-DCDF-44F0-A235-183619A4E579}
		{A6B02E34-69FE-474E-9772-010C54DA6985} = {7DBCEB44-DCDF-44F0-A235-183619A4E579}
		{158DE55F-BAD1-49A5-A4BF-2753937FF927} = {7DBCEB44-DCDF-44F0-A235-183619A4E579}
		{A775167B-BD50-43F1-9337-9F0694D12036} = {7DBCEB44-DCDF-44F0-A235-183619A4E579}
	EndGlobalSection
EndGlobal
